
Microsoft Visual Studio Solution File, Format Version 12.00
# Visual Studio Version 17
VisualStudioVersion = 17.1.31911.260
MinimumVisualStudioVersion = 10.0.40219.1
Project("{FAE04EC0-301F-11D3-BF4B-00C04F79EFBC}") = "Zadanie14", "Zadanie14\Zadanie14.csproj", "{029B6923-D452-4690-86FE-71BB90FCD3CD}"
EndProject
Global
	GlobalSection(SolutionConfigurationPlatforms) = preSolution
		Debug|Any CPU = Debug|Any CPU
		Release|Any CPU = Release|Any CPU
	EndGlobalSection
	GlobalSection(ProjectConfigurationPlatforms) = postSolution
		{029B6923-D452-4690-86FE-71BB90FCD3CD}.Debug|Any CPU.ActiveCfg = Debug|Any CPU
		{029B6923-D452-4690-86FE-71BB90FCD3CD}.Debug|Any CPU.Build.0 = Debug|Any CPU
		{029B6923-D452-4690-86FE-71BB90FCD3CD}.Release|Any CPU.ActiveCfg = Release|Any CPU
		{029B6923-D452-4690-86FE-71BB90FCD3CD}.Release|Any CPU.Build.0 = Release|Any CPU
	EndGlobalSection
	GlobalSection(SolutionProperties) = preSolution
		HideSolutionNode = FALSE
	EndGlobalSection
	GlobalSection(ExtensibilityGlobals) = postSolution
		SolutionGuid = {E21F4ACA-962D-4E17-AF78-C8E3AE55BED3}
	EndGlobalSection
EndGlobal
